
Microsoft Visual Studio Solution File, Format Version 12.00
# Visual Studio 15
VisualStudioVersion = 15.0.28010.2041
MinimumVisualStudioVersion = 10.0.40219.1
Project("{9A19103F-16F7-4668-BE54-9A1E7A4F7556}") = "SimpleSmtpInterceptor.Lib", "SimpleSmtpInterceptor.Lib\SimpleSmtpInterceptor.Lib.csproj", "{E53A0100-22EE-48FD-9A58-C4E9CB762240}"
EndProject
Project("{9A19103F-16F7-4668-BE54-9A1E7A4F7556}") = "SimpleSmtpInterceptor.ConsoleApp", "SimpleSmtpInterceptor.Console\SimpleSmtpInterceptor.ConsoleApp.csproj", "{DBB9D1FC-70C0-4E63-BDC5-E8554A57F529}"
EndProject
Project("{9A19103F-16F7-4668-BE54-9A1E7A4F7556}") = "SimpleSmtpInterceptor.Data", "SimpleSmtpInterceptor.Data\SimpleSmtpInterceptor.Data.csproj", "{F2AD5FC9-8A4D-4BED-80BC-B2BA94F1F8F2}"
EndProject
Project("{FAE04EC0-301F-11D3-BF4B-00C04F79EFBC}") = "SimpleSmtpInterceptor.Web", "SimpleSmtpInterceptor.Web\SimpleSmtpInterceptor.Web.csproj", "{99375C57-BC30-401F-86B5-E719E247EC8D}"
EndProject
Global
	GlobalSection(SolutionConfigurationPlatforms) = preSolution
		Debug|Any CPU = Debug|Any CPU
		Release|Any CPU = Release|Any CPU
	EndGlobalSection
	GlobalSection(ProjectConfigurationPlatforms) = postSolution
		{E53A0100-22EE-48FD-9A58-C4E9CB762240}.Debug|Any CPU.ActiveCfg = Debug|Any CPU
		{E53A0100-22EE-48FD-9A58-C4E9CB762240}.Debug|Any CPU.Build.0 = Debug|Any CPU
		{E53A0100-22EE-48FD-9A58-C4E9CB762240}.Release|Any CPU.ActiveCfg = Release|Any CPU
		{E53A0100-22EE-48FD-9A58-C4E9CB762240}.Release|Any CPU.Build.0 = Release|Any CPU
		{DBB9D1FC-70C0-4E63-BDC5-E8554A57F529}.Debug|Any CPU.ActiveCfg = Debug|Any CPU
		{DBB9D1FC-70C0-4E63-BDC5-E8554A57F529}.Debug|Any CPU.Build.0 = Debug|Any CPU
		{DBB9D1FC-70C0-4E63-BDC5-E8554A57F529}.Release|Any CPU.ActiveCfg = Release|Any CPU
		{DBB9D1FC-70C0-4E63-BDC5-E8554A57F529}.Release|Any CPU.Build.0 = Release|Any CPU
		{F2AD5FC9-8A4D-4BED-80BC-B2BA94F1F8F2}.Debug|Any CPU.ActiveCfg = Debug|Any CPU
		{F2AD5FC9-8A4D-4BED-80BC-B2BA94F1F8F2}.Debug|Any CPU.Build.0 = Debug|Any CPU
		{F2AD5FC9-8A4D-4BED-80BC-B2BA94F1F8F2}.Release|Any CPU.ActiveCfg = Release|Any CPU
		{F2AD5FC9-8A4D-4BED-80BC-B2BA94F1F8F2}.Release|Any CPU.Build.0 = Release|Any CPU
		{99375C57-BC30-401F-86B5-E719E247EC8D}.Debug|Any CPU.ActiveCfg = Debug|Any CPU
		{99375C57-BC30-401F-86B5-E719E247EC8D}.Debug|Any CPU.Build.0 = Debug|Any CPU
		{99375C57-BC30-401F-86B5-E719E247EC8D}.Release|Any CPU.ActiveCfg = Release|Any CPU
		{99375C57-BC30-401F-86B5-E719E247EC8D}.Release|Any CPU.Build.0 = Release|Any CPU
	EndGlobalSection
	GlobalSection(SolutionProperties) = preSolution
		HideSolutionNode = FALSE
	EndGlobalSection
	GlobalSection(ExtensibilityGlobals) = postSolution
		SolutionGuid = {1E8CAF2C-95F2-493A-9727-6EC310FFEF91}
	EndGlobalSection
EndGlobal
